# THIS IS AN AUTOGENERATED FILE. DO NOT EDIT THIS FILE DIRECTLY.
# yarn lockfile v1


"@xiaou66/interconnect-client@^0.0.5":
  version "0.0.5"
  resolved "https://mirrors.cloud.tencent.com/npm/@xiaou66/interconnect-client/-/interconnect-client-0.0.5.tgz#8fb1e5589d3570b627c556b1324b2f65ebfbd4d0"
  integrity sha512-rQV+qk9ewE/rUezlD9cOV5E6dB9VMXzvmizvY4trmTjUCz4Sdpugh6cRtjM3KN3wU3oQP1NVbfb/ZhEeSqZqUA==
